// !$*UTF8*$!
{
	archiveVersion = 1;
	classes = {
	};
	objectVersion = 46;
	objects = {

/* Begin PBXBuildFile section */
		A46EA601199688F000A6E9C7 /* AppDelegate.swift in Sources */ = {isa = PBXBuildFile; fileRef = A46EA600199688F000A6E9C7 /* AppDelegate.swift */; };
		A46EA603199688F000A6E9C7 /* ViewController.swift in Sources */ = {isa = PBXBuildFile; fileRef = A46EA602199688F000A6E9C7 /* ViewController.swift */; };
		A46EA608199688F000A6E9C7 /* Images.xcassets in Resources */ = {isa = PBXBuildFile; fileRef = A46EA607199688F000A6E9C7 /* Images.xcassets */; };
		A46EA614199688F000A6E9C7 /* TweakerTests.swift in Sources */ = {isa = PBXBuildFile; fileRef = A46EA613199688F000A6E9C7 /* TweakerTests.swift */; };
		A46EA61F199689DE00A6E9C7 /* Tweaker.swift in Sources */ = {isa = PBXBuildFile; fileRef = A46EA61E199689DE00A6E9C7 /* Tweaker.swift */; };
/* End PBXBuildFile section */

/* Begin PBXContainerItemProxy section */
		A46EA60E199688F000A6E9C7 /* PBXContainerItemProxy */ = {
			isa = PBXContainerItemProxy;
			containerPortal = A46EA5F3199688F000A6E9C7 /* Project object */;
			proxyType = 1;
			remoteGlobalIDString = A46EA5FA199688F000A6E9C7;
			remoteInfo = Tweaker;
		};
/* End PBXContainerItemProxy section */

/* Begin PBXFileReference section */
		A46EA5FB199688F000A6E9C7 /* Tweaker.app */ = {isa = PBXFileReference; explicitFileType = wrapper.application; includeInIndex = 0; path = Tweaker.app; sourceTree = BUILT_PRODUCTS_DIR; };
		A46EA5FF199688F000A6E9C7 /* Info.plist */ = {isa = PBXFileReference; lastKnownFileType = text.plist.xml; path = Info.plist; sourceTree = "<group>"; };
		A46EA600199688F000A6E9C7 /* AppDelegate.swift */ = {isa = PBXFileReference; lastKnownFileType = sourcecode.swift; path = AppDelegate.swift; sourceTree = "<group>"; };
		A46EA602199688F000A6E9C7 /* ViewController.swift */ = {isa = PBXFileReference; lastKnownFileType = sourcecode.swift; path = ViewController.swift; sourceTree = "<group>"; };
		A46EA607199688F000A6E9C7 /* Images.xcassets */ = {isa = PBXFileReference; lastKnownFileType = folder.assetcatalog; path = Images.xcassets; sourceTree = "<group>"; };
		A46EA60D199688F000A6E9C7 /* TweakerTests.xctest */ = {isa = PBXFileReference; explicitFileType = wrapper.cfbundle; includeInIndex = 0; path = TweakerTests.xctest; sourceTree = BUILT_PRODUCTS_DIR; };
		A46EA612199688F000A6E9C7 /* Info.plist */ = {isa = PBXFileReference; lastKnownFileType = text.plist.xml; path = Info.plist; sourceTree = "<group>"; };
		A46EA613199688F000A6E9C7 /* TweakerTests.swift */ = {isa = PBXFileReference; lastKnownFileType = sourcecode.swift; path = TweakerTests.swift; sourceTree = "<group>"; };
		A46EA61E199689DE00A6E9C7 /* Tweaker.swift */ = {isa = PBXFileReference; fileEncoding = 4; lastKnownFileType = sourcecode.swift; path = Tweaker.swift; sourceTree = "<group>"; };
/* End PBXFileReference section */

/* Begin PBXFrameworksBuildPhase section */
		A46EA5F8199688F000A6E9C7 /* Frameworks */ = {
			isa = PBXFrameworksBuildPhase;
			buildActionMask = 2147483647;
			files = (
			);
			runOnlyForDeploymentPostprocessing = 0;
		};
		A46EA60A199688F000A6E9C7 /* Frameworks */ = {
			isa = PBXFrameworksBuildPhase;
			buildActionMask = 2147483647;
			files = (
			);
			runOnlyForDeploymentPostprocessing = 0;
		};
/* End PBXFrameworksBuildPhase section */

/* Begin PBXGroup section */
		A46EA5F2199688F000A6E9C7 = {
			isa = PBXGroup;
			children = (
				A46EA5FD199688F000A6E9C7 /* Tweaker */,
				A46EA610199688F000A6E9C7 /* TweakerTests */,
				A46EA5FC199688F000A6E9C7 /* Products */,
			);
			sourceTree = "<group>";
		};
		A46EA5FC199688F000A6E9C7 /* Products */ = {
			isa = PBXGroup;
			children = (
				A46EA5FB199688F000A6E9C7 /* Tweaker.app */,
				A46EA60D199688F000A6E9C7 /* TweakerTests.xctest */,
			);
			name = Products;
			sourceTree = "<group>";
		};
		A46EA5FD199688F000A6E9C7 /* Tweaker */ = {
			isa = PBXGroup;
			children = (
				A46EA600199688F000A6E9C7 /* AppDelegate.swift */,
				A46EA602199688F000A6E9C7 /* ViewController.swift */,
				A46EA61D199689AD00A6E9C7 /* Tweaker */,
				A46EA607199688F000A6E9C7 /* Images.xcassets */,
				A46EA5FE199688F000A6E9C7 /* Supporting Files */,
			);
			path = Tweaker;
			sourceTree = "<group>";
		};
		A46EA5FE199688F000A6E9C7 /* Supporting Files */ = {
			isa = PBXGroup;
			children = (
				A46EA5FF199688F000A6E9C7 /* Info.plist */,
			);
			name = "Supporting Files";
			sourceTree = "<group>";
		};
		A46EA610199688F000A6E9C7 /* TweakerTests */ = {
			isa = PBXGroup;
			children = (
				A46EA613199688F000A6E9C7 /* TweakerTests.swift */,
				A46EA611199688F000A6E9C7 /* Supporting Files */,
			);
			path = TweakerTests;
			sourceTree = "<group>";
		};
		A46EA611199688F000A6E9C7 /* Supporting Files */ = {
			isa = PBXGroup;
			children = (
				A46EA612199688F000A6E9C7 /* Info.plist */,
			);
			name = "Supporting Files";
			sourceTree = "<group>";
		};
		A46EA61D199689AD00A6E9C7 /* Tweaker */ = {
			isa = PBXGroup;
			children = (
				A46EA61E199689DE00A6E9C7 /* Tweaker.swift */,
			);
			path = Tweaker;
			sourceTree = "<group>";
		};
/* End PBXGroup section */

/* Begin PBXNativeTarget section */
		A46EA5FA199688F000A6E9C7 /* Tweaker */ = {
			isa = PBXNativeTarget;
			buildConfigurationList = A46EA617199688F000A6E9C7 /* Build configuration list for PBXNativeTarget "Tweaker" */;
			buildPhases = (
				A46EA5F7199688F000A6E9C7 /* Sources */,
				A46EA5F8199688F000A6E9C7 /* Frameworks */,
				A46EA5F9199688F000A6E9C7 /* Resources */,
			);
			buildRules = (
			);
			dependencies = (
			);
			name = Tweaker;
			productName = Tweaker;
			productReference = A46EA5FB199688F000A6E9C7 /* Tweaker.app */;
			productType = "com.apple.product-type.application";
		};
		A46EA60C199688F000A6E9C7 /* TweakerTests */ = {
			isa = PBXNativeTarget;
			buildConfigurationList = A46EA61A199688F000A6E9C7 /* Build configuration list for PBXNativeTarget "TweakerTests" */;
			buildPhases = (
				A46EA609199688F000A6E9C7 /* Sources */,
				A46EA60A199688F000A6E9C7 /* Frameworks */,
				A46EA60B199688F000A6E9C7 /* Resources */,
			);
			buildRules = (
			);
			dependencies = (
				A46EA60F199688F000A6E9C7 /* PBXTargetDependency */,
			);
			name = TweakerTests;
			productName = TweakerTests;
			productReference = A46EA60D199688F000A6E9C7 /* TweakerTests.xctest */;
			productType = "com.apple.product-type.bundle.unit-test";
		};
/* End PBXNativeTarget section */

/* Begin PBXProject section */
		A46EA5F3199688F000A6E9C7 /* Project object */ = {
			isa = PBXProject;
			attributes = {
				LastUpgradeCheck = 0600;
				ORGANIZATIONNAME = "Red Davis";
				TargetAttributes = {
					A46EA5FA199688F000A6E9C7 = {
						CreatedOnToolsVersion = 6.0;
					};
					A46EA60C199688F000A6E9C7 = {
						CreatedOnToolsVersion = 6.0;
						TestTargetID = A46EA5FA199688F000A6E9C7;
					};
				};
			};
			buildConfigurationList = A46EA5F6199688F000A6E9C7 /* Build configuration list for PBXProject "Tweaker" */;
			compatibilityVersion = "Xcode 3.2";
			developmentRegion = English;
			hasScannedForEncodings = 0;
			knownRegions = (
				en,
				Base,
			);
			mainGroup = A46EA5F2199688F000A6E9C7;
			productRefGroup = A46EA5FC199688F000A6E9C7 /* Products */;
			projectDirPath = "";
			projectRoot = "";
			targets = (
				A46EA5FA199688F000A6E9C7 /* Tweaker */,
				A46EA60C199688F000A6E9C7 /* TweakerTests */,
			);
		};
/* End PBXProject section */

/* Begin PBXResourcesBuildPhase section */
		A46EA5F9199688F000A6E9C7 /* Resources */ = {
			isa = PBXResourcesBuildPhase;
			buildActionMask = 2147483647;
			files = (
				A46EA608199688F000A6E9C7 /* Images.xcassets in Resources */,
			);
			runOnlyForDeploymentPostprocessing = 0;
		};
		A46EA60B199688F000A6E9C7 /* Resources */ = {
			isa = PBXResourcesBuildPhase;
			buildActionMask = 2147483647;
			files = (
			);
			runOnlyForDeploymentPostprocessing = 0;
		};
/* End PBXResourcesBuildPhase section */

/* Begin PBXSourcesBuildPhase section */
		A46EA5F7199688F000A6E9C7 /* Sources */ = {
			isa = PBXSourcesBuildPhase;
			buildActionMask = 2147483647;
			files = (
				A46EA603199688F000A6E9C7 /* ViewController.swift in Sources */,
				A46EA601199688F000A6E9C7 /* AppDelegate.swift in Sources */,
				A46EA61F199689DE00A6E9C7 /* Tweaker.swift in Sources */,
			);
			runOnlyForDeploymentPostprocessing = 0;
		};
		A46EA609199688F000A6E9C7 /* Sources */ = {
			isa = PBXSourcesBuildPhase;
			buildActionMask = 2147483647;
			files = (
				A46EA614199688F000A6E9C7 /* TweakerTests.swift in Sources */,
			);
			runOnlyForDeploymentPostprocessing = 0;
		};
/* End PBXSourcesBuildPhase section */

/* Begin PBXTargetDependency section */
		A46EA60F199688F000A6E9C7 /* PBXTargetDependency */ = {
			isa = PBXTargetDependency;
			target = A46EA5FA199688F000A6E9C7 /* Tweaker */;
			targetProxy = A46EA60E199688F000A6E9C7 /* PBXContainerItemProxy */;
		};
/* End PBXTargetDependency section */

/* Begin XCBuildConfiguration section */
		A46EA615199688F000A6E9C7 /* Debug */ = {
			isa = XCBuildConfiguration;
			buildSettings = {
				ALWAYS_SEARCH_USER_PATHS = NO;
				CLANG_CXX_LANGUAGE_STANDARD = "gnu++0x";
				CLANG_CXX_LIBRARY = "libc++";
				CLANG_ENABLE_MODULES = YES;
				CLANG_ENABLE_OBJC_ARC = YES;
				CLANG_WARN_BOOL_CONVERSION = YES;
				CLANG_WARN_CONSTANT_CONVERSION = YES;
				CLANG_WARN_DIRECT_OBJC_ISA_USAGE = YES_ERROR;
				CLANG_WARN_EMPTY_BODY = YES;
				CLANG_WARN_ENUM_CONVERSION = YES;
				CLANG_WARN_INT_CONVERSION = YES;
				CLANG_WARN_OBJC_ROOT_CLASS = YES_ERROR;
				CLANG_WARN_UNREACHABLE_CODE = YES;
				CLANG_WARN__DUPLICATE_METHOD_MATCH = YES;
				"CODE_SIGN_IDENTITY[sdk=iphoneos*]" = "iPhone Developer";
				COPY_PHASE_STRIP = NO;
				ENABLE_STRICT_OBJC_MSGSEND = YES;
				GCC_C_LANGUAGE_STANDARD = gnu99;
				GCC_DYNAMIC_NO_PIC = NO;
				GCC_OPTIMIZATION_LEVEL = 0;
				GCC_PREPROCESSOR_DEFINITIONS = (
					"DEBUG=1",
					"$(inherited)",
				);
				GCC_SYMBOLS_PRIVATE_EXTERN = NO;
				GCC_WARN_64_TO_32_BIT_CONVERSION = YES;
				GCC_WARN_ABOUT_RETURN_TYPE = YES_ERROR;
				GCC_WARN_UNDECLARED_SELECTOR = YES;
				GCC_WARN_UNINITIALIZED_AUTOS = YES_AGGRESSIVE;
				GCC_WARN_UNUSED_FUNCTION = YES;
				GCC_WARN_UNUSED_VARIABLE = YES;
				IPHONEOS_DEPLOYMENT_TARGET = 8.0;
				MTL_ENABLE_DEBUG_INFO = YES;
				ONLY_ACTIVE_ARCH = YES;
				SDKROOT = iphoneos;
				SWIFT_OPTIMIZATION_LEVEL = "-Onone";
			};
			name = Debug;
		};
		A46EA616199688F000A6E9C7 /* Release */ = {
			isa = XCBuildConfiguration;
			buildSettings = {
				ALWAYS_SEARCH_USER_PATHS = NO;
				CLANG_CXX_LANGUAGE_STANDARD = "gnu++0x";
				CLANG_CXX_LIBRARY = "libc++";
				CLANG_ENABLE_MODULES = YES;
				CLANG_ENABLE_OBJC_ARC = YES;
				CLANG_WARN_BOOL_CONVERSION = YES;
				CLANG_WARN_CONSTANT_CONVERSION = YES;
				CLANG_WARN_DIRECT_OBJC_ISA_USAGE = YES_ERROR;
				CLANG_WARN_EMPTY_BODY = YES;
				CLANG_WARN_ENUM_CONVERSION = YES;
				CLANG_WARN_INT_CONVERSION = YES;
				CLANG_WARN_OBJC_ROOT_CLASS = YES_ERROR;
				CLANG_WARN_UNREACHABLE_CODE = YES;
				CLANG_WARN__DUPLICATE_METHOD_MATCH = YES;
				"CODE_SIGN_IDENTITY[sdk=iphoneos*]" = "iPhone Developer";
				COPY_PHASE_STRIP = YES;
				ENABLE_NS_ASSERTIONS = NO;
				ENABLE_STRICT_OBJC_MSGSEND = YES;
				GCC_C_LANGUAGE_STANDARD = gnu99;
				GCC_WARN_64_TO_32_BIT_CONVERSION = YES;
				GCC_WARN_ABOUT_RETURN_TYPE = YES_ERROR;
				GCC_WARN_UNDECLARED_SELECTOR = YES;
				GCC_WARN_UNINITIALIZED_AUTOS = YES_AGGRESSIVE;
				GCC_WARN_UNUSED_FUNCTION = YES;
				GCC_WARN_UNUSED_VARIABLE = YES;
				IPHONEOS_DEPLOYMENT_TARGET = 8.0;
				MTL_ENABLE_DEBUG_INFO = NO;
				SDKROOT = iphoneos;
				VALIDATE_PRODUCT = YES;
			};
			name = Release;
		};
		A46EA618199688F000A6E9C7 /* Debug */ = {
			isa = XCBuildConfiguration;
			buildSettings = {
				ASSETCATALOG_COMPILER_APPICON_NAME = AppIcon;
				ASSETCATALOG_COMPILER_LAUNCHIMAGE_NAME = LaunchImage;
				INFOPLIST_FILE = Tweaker/Info.plist;
				LD_RUNPATH_SEARCH_PATHS = "$(inherited) @executable_path/Frameworks";
				PRODUCT_NAME = "$(TARGET_NAME)";
			};
			name = Debug;
		};
		A46EA619199688F000A6E9C7 /* Release */ = {
			isa = XCBuildConfiguration;
			buildSettings = {
				ASSETCATALOG_COMPILER_APPICON_NAME = AppIcon;
				ASSETCATALOG_COMPILER_LAUNCHIMAGE_NAME = LaunchImage;
				INFOPLIST_FILE = Tweaker/Info.plist;
				LD_RUNPATH_SEARCH_PATHS = "$(inherited) @executable_path/Frameworks";
				PRODUCT_NAME = "$(TARGET_NAME)";
			};
			name = Release;
		};
		A46EA61B199688F000A6E9C7 /* Debug */ = {
			isa = XCBuildConfiguration;
			buildSettings = {
				BUNDLE_LOADER = "$(TEST_HOST)";
				FRAMEWORK_SEARCH_PATHS = (
					"$(SDKROOT)/Developer/Library/Frameworks",
					"$(inherited)",
				);
				GCC_PREPROCESSOR_DEFINITIONS = (
					"DEBUG=1",
					"$(inherited)",
				);
				INFOPLIST_FILE = TweakerTests/Info.plist;
				LD_RUNPATH_SEARCH_PATHS = "$(inherited) @executable_path/Frameworks @loader_path/Frameworks";
				PRODUCT_NAME = "$(TARGET_NAME)";
				TEST_HOST = "$(BUILT_PRODUCTS_DIR)/Tweaker.app/Tweaker";
			};
			name = Debug;
		};
		A46EA61C199688F000A6E9C7 /* Release */ = {
			isa = XCBuildConfiguration;
			buildSettings = {
				BUNDLE_LOADER = "$(TEST_HOST)";
				FRAMEWORK_SEARCH_PATHS = (
					"$(SDKROOT)/Developer/Library/Frameworks",
					"$(inherited)",
				);
				INFOPLIST_FILE = TweakerTests/Info.plist;
				LD_RUNPATH_SEARCH_PATHS = "$(inherited) @executable_path/Frameworks @loader_path/Frameworks";
				PRODUCT_NAME = "$(TARGET_NAME)";
				TEST_HOST = "$(BUILT_PRODUCTS_DIR)/Tweaker.app/Tweaker";
			};
			name = Release;
		};
/* End XCBuildConfiguration section */

/* Begin XCConfigurationList section */
		A46EA5F6199688F000A6E9C7 /* Build configuration list for PBXProject "Tweaker" */ = {
			isa = XCConfigurationList;
			buildConfigurations = (
				A46EA615199688F000A6E9C7 /* Debug */,
				A46EA616199688F000A6E9C7 /* Release */,
			);
			defaultConfigurationIsVisible = 0;
			defaultConfigurationName = Release;
		};
		A46EA617199688F000A6E9C7 /* Build configuration list for PBXNativeTarget "Tweaker" */ = {
			isa = XCConfigurationList;
			buildConfigurations = (
				A46EA618199688F000A6E9C7 /* Debug */,
				A46EA619199688F000A6E9C7 /* Release */,
			);
			defaultConfigurationIsVisible = 0;
			defaultConfigurationName = Release;
		};
		A46EA61A199688F000A6E9C7 /* Build configuration list for PBXNativeTarget "TweakerTests" */ = {
			isa = XCConfigurationList;
			buildConfigurations = (
				A46EA61B199688F000A6E9C7 /* Debug */,
				A46EA61C199688F000A6E9C7 /* Release */,
			);
			defaultConfigurationIsVisible = 0;
			defaultConfigurationName = Release;
		};
/* End XCConfigurationList section */
	};
	rootObject = A46EA5F3199688F000A6E9C7 /* Project object */;
}
